
Microsoft Visual Studio Solution File, Format Version 12.00
# Visual Studio 15
VisualStudioVersion = 15.0.28307.1082
MinimumVisualStudioVersion = 10.0.40219.1
Project("{9A19103F-16F7-4668-BE54-9A1E7A4F7556}") = "ChatBot", "ChatBot\ChatBot.csproj", "{E8FFE3AC-A2CF-4502-90AC-750CD6766A98}"
EndProject
Global
	GlobalSection(SolutionConfigurationPlatforms) = preSolution
		Debug|Any CPU = Debug|Any CPU
		Release|Any CPU = Release|Any CPU
	EndGlobalSection
	GlobalSection(ProjectConfigurationPlatforms) = postSolution
		{E8FFE3AC-A2CF-4502-90AC-750CD6766A98}.Debug|Any CPU.ActiveCfg = Debug|Any CPU
		{E8FFE3AC-A2CF-4502-90AC-750CD6766A98}.Debug|Any CPU.Build.0 = Debug|Any CPU
		{E8FFE3AC-A2CF-4502-90AC-750CD6766A98}.Release|Any CPU.ActiveCfg = Release|Any CPU
		{E8FFE3AC-A2CF-4502-90AC-750CD6766A98}.Release|Any CPU.Build.0 = Release|Any CPU
	EndGlobalSection
	GlobalSection(SolutionProperties) = preSolution
		HideSolutionNode = FALSE
	EndGlobalSection
	GlobalSection(ExtensibilityGlobals) = postSolution
		SolutionGuid = {54F851EA-27E9-4557-B88C-268A8174BE32}
	EndGlobalSection
EndGlobal
